{
  "name": "llm",
  "lockfileVersion": 3,
  "requires": true,
  "packages": {
    "": {
      "dependencies": {
        "kokoro": "^1.0.0",
        "pdf-parse": "^1.1.1"
      }
    },
    "node_modules/@babel/runtime": {
      "version": "7.29.7",
      "resolved": "https://registry.npmjs.org/@babel/runtime/-/runtime-7.29.7.tgz",
      "integrity": "sha512-Nq8OhGWiZIZGV6hLHoyAKLLcJihP/xFeBMGJoUrxTX2psI8dCifzLhZISFb+VWS3wFMRDmCGw5R+dOySCqPLhw==",
      "license": "MIT",
      "engines": {
        "node": ">=6.9.0"
      }
    },
    "node_modules/debug": {
      "version": "3.2.7",
      "resolved": "https://registry.npmjs.org/debug/-/debug-3.2.7.tgz",
      "integrity": "sha512-CFjzYYAi4ThfiQvizrFQevTTXHtnCqWfe7x1AhgEscTz6ZbLbfoLRLPugTQyBth6f8ZERVUSyWHFD/7Wu4t1XQ==",
      "license": "MIT",
      "dependencies": {
        "ms": "^2.1.1"
      }
    },
    "node_modules/kokoro": {
      "version": "1.0.0",
      "resolved": "https://registry.npmjs.org/kokoro/-/kokoro-1.0.0.tgz",
      "integrity": "sha512-AweqQGewYHjFn81ya3f/wiz13+GaImjywa1mBtjgC4ZLmkVR4raw3xYRLsuycj+aN/sgF3RPkAqdnJysZiixvw==",
      "license": "MIT",
      "dependencies": {
        "redux": "^4.0.4",
        "redux-devtools-extension": "^2.13.8",
        "redux-thunk": "^2.3.0"
      }
    },
    "node_modules/ms": {
      "version": "2.1.3",
      "resolved": "https://registry.npmjs.org/ms/-/ms-2.1.3.tgz",
      "integrity": "sha512-6FlzubTLZG3J2a/NVCAleEhjzq5oxgHyaCU9yYXvcLsvoVaHJq/s5xXI6/XXP6tz7R9xAOtHnSO/tXtF3WRTlA==",
      "license": "MIT"
    },
    "node_modules/node-ensure": {
      "version": "0.0.0",
      "resolved": "https://registry.npmjs.org/node-ensure/-/node-ensure-0.0.0.tgz",
      "integrity": "sha512-DRI60hzo2oKN1ma0ckc6nQWlHU69RH6xN0sjQTjMpChPfTYvKZdcQFfdYK2RWbJcKyUizSIy/l8OTGxMAM1QDw==",
      "license": "MIT"
    },
    "node_modules/pdf-parse": {
      "version": "1.1.1",
      "resolved": "https://registry.npmjs.org/pdf-parse/-/pdf-parse-1.1.1.tgz",
      "integrity": "sha512-v6ZJ/efsBpGrGGknjtq9J/oC8tZWq0KWL5vQrk2GlzLEQPUDB1ex+13Rmidl1neNN358Jn9EHZw5y07FFtaC7A==",
      "license": "MIT",
      "dependencies": {
        "debug": "^3.1.0",
        "node-ensure": "^0.0.0"
      },
      "engines": {
        "node": ">=6.8.1"
      }
    },
    "node_modules/redux": {
      "version": "4.2.1",
      "resolved": "https://registry.npmjs.org/redux/-/redux-4.2.1.tgz",
      "integrity": "sha512-LAUYz4lc+Do8/g7aeRa8JkyDErK6ekstQaqWQrNRW//MY1TvCEpMtpTWvlQ+FPbWCx+Xixu/6SHt5N0HR+SB4w==",
      "license": "MIT",
      "dependencies": {
        "@babel/runtime": "^7.9.2"
      }
    },
    "node_modules/redux-devtools-extension": {
      "version": "2.13.9",
      "resolved": "https://registry.npmjs.org/redux-devtools-extension/-/redux-devtools-extension-2.13.9.tgz",
      "integrity": "sha512-cNJ8Q/EtjhQaZ71c8I9+BPySIBVEKssbPpskBfsXqb8HJ002A3KRVHfeRzwRo6mGPqsm7XuHTqNSNeS1Khig0A==",
      "deprecated": "Package moved to @redux-devtools/extension.",
      "license": "MIT",
      "peerDependencies": {
        "redux": "^3.1.0 || ^4.0.0"
      }
    },
    "node_modules/redux-thunk": {
      "version": "2.4.2",
      "resolved": "https://registry.npmjs.org/redux-thunk/-/redux-thunk-2.4.2.tgz",
      "integrity": "sha512-+P3TjtnP0k/FEjcBL5FZpoovtvrTNT/UXd4/sluaSyrURlSlhLSzEdfsTBW7WsKB6yPvgd7q/iZPICFjW4o57Q==",
      "license": "MIT",
      "peerDependencies": {
        "redux": "^4"
      }
    }
  }
}
